
Microsoft Visual Studio Solution File, Format Version 12.00
Project("{FAE04EC0-301F-11D3-BF4B-00C04F79EFBC}") = "Calculation_Tasks", "Calculation_Tasks\Calculation_Tasks.csproj", "{FAF7E9FC-1172-4F51-B5D6-53EE6CE5E17D}"
EndProject
Global
	GlobalSection(SolutionConfigurationPlatforms) = preSolution
		Debug|Any CPU = Debug|Any CPU
		Release|Any CPU = Release|Any CPU
	EndGlobalSection
	GlobalSection(ProjectConfigurationPlatforms) = postSolution
		{FAF7E9FC-1172-4F51-B5D6-53EE6CE5E17D}.Debug|Any CPU.ActiveCfg = Debug|Any CPU
		{FAF7E9FC-1172-4F51-B5D6-53EE6CE5E17D}.Debug|Any CPU.Build.0 = Debug|Any CPU
		{FAF7E9FC-1172-4F51-B5D6-53EE6CE5E17D}.Release|Any CPU.ActiveCfg = Release|Any CPU
		{FAF7E9FC-1172-4F51-B5D6-53EE6CE5E17D}.Release|Any CPU.Build.0 = Release|Any CPU
	EndGlobalSection
EndGlobal
